// !$*UTF8*$!
{
	archiveVersion = 1;
	classes = {
	};
	objectVersion = 46;
	objects = {

/* Begin PBXBuildFile section */
		1A03ADEE1C719ECA00094C00 /* GMJokeImageCell.m in Sources */ = {isa = PBXBuildFile; fileRef = 1A03ADEC1C719ECA00094C00 /* GMJokeImageCell.m */; };
		1A03ADF21C71A4B300094C00 /* GMJokeImageProvider.m in Sources */ = {isa = PBXBuildFile; fileRef = 1A03ADF11C71A4B300094C00 /* GMJokeImageProvider.m */; };
		1A03ADF51C71B4D800094C00 /* UIView+Frame.m in Sources */ = {isa = PBXBuildFile; fileRef = 1A03ADF41C71B4D800094C00 /* UIView+Frame.m */; };
		1A03ADF71C71BCFB00094C00 /* GMJokeImageCell.xib in Resources */ = {isa = PBXBuildFile; fileRef = 1A03ADF61C71BCFB00094C00 /* GMJokeImageCell.xib */; };
		1A03ADF91C71C3D000094C00 /* GMJokeViewController.xib in Resources */ = {isa = PBXBuildFile; fileRef = 1A03ADF81C71C3D000094C00 /* GMJokeViewController.xib */; };
		1A8A333F1C520C5400BDD2E3 /* GMConfigurationManager.m in Sources */ = {isa = PBXBuildFile; fileRef = 1A8A333E1C520C5400BDD2E3 /* GMConfigurationManager.m */; };
		1AAF0E151C5224E500696C5C /* GMHomeViewController.m in Sources */ = {isa = PBXBuildFile; fileRef = 1AAF0E0D1C5224E500696C5C /* GMHomeViewController.m */; };
		1AAF0E161C5224E500696C5C /* GMHomeViewController.xib in Resources */ = {isa = PBXBuildFile; fileRef = 1AAF0E0E1C5224E500696C5C /* GMHomeViewController.xib */; };
		1AAF0E1C1C5224FD00696C5C /* GMMallViewController.m in Sources */ = {isa = PBXBuildFile; fileRef = 1AAF0E1A1C5224FD00696C5C /* GMMallViewController.m */; };
		1AAF0E1D1C5224FD00696C5C /* GMMallViewController.xib in Resources */ = {isa = PBXBuildFile; fileRef = 1AAF0E1B1C5224FD00696C5C /* GMMallViewController.xib */; };
		1AAF0E211C52251300696C5C /* GMMeViewController.m in Sources */ = {isa = PBXBuildFile; fileRef = 1AAF0E1F1C52251300696C5C /* GMMeViewController.m */; };
		1AAF0E221C52251300696C5C /* GMMeViewController.xib in Resources */ = {isa = PBXBuildFile; fileRef = 1AAF0E201C52251300696C5C /* GMMeViewController.xib */; };
		1AAF0E2A1C52287100696C5C /* GMViewControllerManager.m in Sources */ = {isa = PBXBuildFile; fileRef = 1AAF0E291C52287100696C5C /* GMViewControllerManager.m */; };
		1AB229FB1C52304E006A37BC /* GMViewControllerShared.m in Sources */ = {isa = PBXBuildFile; fileRef = 1AB229FA1C52304E006A37BC /* GMViewControllerShared.m */; };
		1AB229FD1C55B03F006A37BC /* menu.json in Resources */ = {isa = PBXBuildFile; fileRef = 1AB229FC1C55B03F006A37BC /* menu.json */; };
		1AB22A011C55C51B006A37BC /* GMLiveViewController.m in Sources */ = {isa = PBXBuildFile; fileRef = 1AB229FF1C55C51B006A37BC /* GMLiveViewController.m */; };
		1AB22A021C55C51B006A37BC /* GMLiveViewController.xib in Resources */ = {isa = PBXBuildFile; fileRef = 1AB22A001C55C51B006A37BC /* GMLiveViewController.xib */; };
		1AB9835D1C59A62800EE31C6 /* LifePageList.json in Resources */ = {isa = PBXBuildFile; fileRef = 1AB9835C1C59A62800EE31C6 /* LifePageList.json */; };
		1AB983601C59A6CD00EE31C6 /* GMSubViewItem.m in Sources */ = {isa = PBXBuildFile; fileRef = 1AB9835F1C59A6CD00EE31C6 /* GMSubViewItem.m */; };
		1AB983681C59AC8400EE31C6 /* GMPhoneLocationViewController.m in Sources */ = {isa = PBXBuildFile; fileRef = 1AB983661C59AC8400EE31C6 /* GMPhoneLocationViewController.m */; };
		1AB983691C59AC8400EE31C6 /* GMPhoneLocationViewController.xib in Resources */ = {isa = PBXBuildFile; fileRef = 1AB983671C59AC8400EE31C6 /* GMPhoneLocationViewController.xib */; };
		1AB9836C1C59B6BE00EE31C6 /* GMAccessManager.m in Sources */ = {isa = PBXBuildFile; fileRef = 1AB9836B1C59B6BE00EE31C6 /* GMAccessManager.m */; };
		1AB9836F1C5A029B00EE31C6 /* GMPhoneInfo.m in Sources */ = {isa = PBXBuildFile; fileRef = 1AB9836E1C5A029B00EE31C6 /* GMPhoneInfo.m */; };
		1AB983721C5A044E00EE31C6 /* GMDataProvider.m in Sources */ = {isa = PBXBuildFile; fileRef = 1AB983711C5A044E00EE31C6 /* GMDataProvider.m */; };
		1AB983751C5A047700EE31C6 /* GMPhoneLocationProvider.m in Sources */ = {isa = PBXBuildFile; fileRef = 1AB983741C5A047700EE31C6 /* GMPhoneLocationProvider.m */; };
		1AB9838A1C5AFCDB00EE31C6 /* GMIndicatorView.m in Sources */ = {isa = PBXBuildFile; fileRef = 1AB983891C5AFCDB00EE31C6 /* GMIndicatorView.m */; };
		1AD9DEB11C5206C600444842 /* main.m in Sources */ = {isa = PBXBuildFile; fileRef = 1AD9DEB01C5206C600444842 /* main.m */; };
		1AD9DEBA1C5206C600444842 /* Main.storyboard in Resources */ = {isa = PBXBuildFile; fileRef = 1AD9DEB81C5206C600444842 /* Main.storyboard */; };
		1AD9DEBC1C5206C600444842 /* Assets.xcassets in Resources */ = {isa = PBXBuildFile; fileRef = 1AD9DEBB1C5206C600444842 /* Assets.xcassets */; };
		1AD9DEBF1C5206C600444842 /* LaunchScreen.storyboard in Resources */ = {isa = PBXBuildFile; fileRef = 1AD9DEBD1C5206C600444842 /* LaunchScreen.storyboard */; };
		1AD9DECA1C5206C700444842 /* LifeAssistantTests.m in Sources */ = {isa = PBXBuildFile; fileRef = 1AD9DEC91C5206C700444842 /* LifeAssistantTests.m */; };
		1AD9DED51C5206C700444842 /* LifeAssistantUITests.m in Sources */ = {isa = PBXBuildFile; fileRef = 1AD9DED41C5206C700444842 /* LifeAssistantUITests.m */; };
		1AD9DEE91C5207CF00444842 /* AppDelegate.m in Sources */ = {isa = PBXBuildFile; fileRef = 1AD9DEE41C5207CF00444842 /* AppDelegate.m */; };
		1AD9DEEF1C52084400444842 /* GMViewShared.m in Sources */ = {isa = PBXBuildFile; fileRef = 1AD9DEEE1C52084400444842 /* GMViewShared.m */; };
		1AD9DEF21C52092300444842 /* GMTabBarViewController.m in Sources */ = {isa = PBXBuildFile; fileRef = 1AD9DEF11C52092300444842 /* GMTabBarViewController.m */; };
		1AD9DEF51C52094A00444842 /* GMNavigationController.m in Sources */ = {isa = PBXBuildFile; fileRef = 1AD9DEF41C52094A00444842 /* GMNavigationController.m */; };
		1AE19E521C700E6B0033F087 /* GMHistoryEventController.m in Sources */ = {isa = PBXBuildFile; fileRef = 1AE19E501C700E6B0033F087 /* GMHistoryEventController.m */; };
		1AE19E531C700E6B0033F087 /* GMHistoryEventController.xib in Resources */ = {isa = PBXBuildFile; fileRef = 1AE19E511C700E6B0033F087 /* GMHistoryEventController.xib */; };
		1AE19E561C700F760033F087 /* GMHistoryEventProvider.m in Sources */ = {isa = PBXBuildFile; fileRef = 1AE19E551C700F760033F087 /* GMHistoryEventProvider.m */; };
		1AE19E591C7012270033F087 /* GMHistoryEvent.m in Sources */ = {isa = PBXBuildFile; fileRef = 1AE19E581C7012270033F087 /* GMHistoryEvent.m */; };
		1AE19E601C701A520033F087 /* NSDate+Helper.m in Sources */ = {isa = PBXBuildFile; fileRef = 1AE19E5F1C701A520033F087 /* NSDate+Helper.m */; };
		1AE19E641C7020E30033F087 /* GMHistoryEventDetailController.m in Sources */ = {isa = PBXBuildFile; fileRef = 1AE19E621C7020E30033F087 /* GMHistoryEventDetailController.m */; };
		1AE19E651C7020E30033F087 /* GMHistoryEventDetailController.xib in Resources */ = {isa = PBXBuildFile; fileRef = 1AE19E631C7020E30033F087 /* GMHistoryEventDetailController.xib */; };
		1AE19E681C702ADA0033F087 /* GMHistoryEventDetail.m in Sources */ = {isa = PBXBuildFile; fileRef = 1AE19E671C702ADA0033F087 /* GMHistoryEventDetail.m */; };
		1AE19E6C1C7043BB0033F087 /* GMHistoryViewCell.m in Sources */ = {isa = PBXBuildFile; fileRef = 1AE19E6A1C7043BB0033F087 /* GMHistoryViewCell.m */; };
		1AE19E6D1C7043BB0033F087 /* GMHistoryViewCell.xib in Resources */ = {isa = PBXBuildFile; fileRef = 1AE19E6B1C7043BB0033F087 /* GMHistoryViewCell.xib */; };
		1AE19E721C7057A90033F087 /* GMJokeViewController.m in Sources */ = {isa = PBXBuildFile; fileRef = 1AE19E701C7057A90033F087 /* GMJokeViewController.m */; };
		1AE19E771C7078C70033F087 /* GMLatestJokeCell.m in Sources */ = {isa = PBXBuildFile; fileRef = 1AE19E751C7078C70033F087 /* GMLatestJokeCell.m */; };
		1AE19E781C7078C70033F087 /* GMLatestJokeCell.xib in Resources */ = {isa = PBXBuildFile; fileRef = 1AE19E761C7078C70033F087 /* GMLatestJokeCell.xib */; };
		1AE19E7B1C7175A90033F087 /* GMJoke.m in Sources */ = {isa = PBXBuildFile; fileRef = 1AE19E7A1C7175A90033F087 /* GMJoke.m */; };
		1AE19E7E1C7176CE0033F087 /* GMJokeProvider.m in Sources */ = {isa = PBXBuildFile; fileRef = 1AE19E7D1C7176CE0033F087 /* GMJokeProvider.m */; };
		1AE6EE3B1C52162C008CA2B9 /* GMMenuItem.m in Sources */ = {isa = PBXBuildFile; fileRef = 1AE6EE3A1C52162C008CA2B9 /* GMMenuItem.m */; };
		EA28A07166B9E87DD6F5DEC0 /* libPods.a in Frameworks */ = {isa = PBXBuildFile; fileRef = 51215ED8BB6AF7D39F1B710B /* libPods.a */; };
/* End PBXBuildFile section */

/* Begin PBXContainerItemProxy section */
		1AD9DEC61C5206C700444842 /* PBXContainerItemProxy */ = {
			isa = PBXContainerItemProxy;
			containerPortal = 1AD9DEA41C5206C600444842 /* Project object */;
			proxyType = 1;
			remoteGlobalIDString = 1AD9DEAB1C5206C600444842;
			remoteInfo = LifeAssistant;
		};
		1AD9DED11C5206C700444842 /* PBXContainerItemProxy */ = {
			isa = PBXContainerItemProxy;
			containerPortal = 1AD9DEA41C5206C600444842 /* Project object */;
			proxyType = 1;
			remoteGlobalIDString = 1AD9DEAB1C5206C600444842;
			remoteInfo = LifeAssistant;
		};
/* End PBXContainerItemProxy section */

/* Begin PBXFileReference section */
		1A03ADEB1C719ECA00094C00 /* GMJokeImageCell.h */ = {isa = PBXFileReference; fileEncoding = 4; lastKnownFileType = sourcecode.c.h; path = GMJokeImageCell.h; sourceTree = "<group>"; };
		1A03ADEC1C719ECA00094C00 /* GMJokeImageCell.m */ = {isa = PBXFileReference; fileEncoding = 4; lastKnownFileType = sourcecode.c.objc; path = GMJokeImageCell.m; sourceTree = "<group>"; };
		1A03ADF01C71A4B300094C00 /* GMJokeImageProvider.h */ = {isa = PBXFileReference; fileEncoding = 4; lastKnownFileType = sourcecode.c.h; path = GMJokeImageProvider.h; sourceTree = "<group>"; };
		1A03ADF11C71A4B300094C00 /* GMJokeImageProvider.m */ = {isa = PBXFileReference; fileEncoding = 4; lastKnownFileType = sourcecode.c.objc; path = GMJokeImageProvider.m; sourceTree = "<group>"; };
		1A03ADF31C71B4D800094C00 /* UIView+Frame.h */ = {isa = PBXFileReference; fileEncoding = 4; lastKnownFileType = sourcecode.c.h; path = "UIView+Frame.h"; sourceTree = "<group>"; };
		1A03ADF41C71B4D800094C00 /* UIView+Frame.m */ = {isa = PBXFileReference; fileEncoding = 4; lastKnownFileType = sourcecode.c.objc; path = "UIView+Frame.m"; sourceTree = "<group>"; };
		1A03ADF61C71BCFB00094C00 /* GMJokeImageCell.xib */ = {isa = PBXFileReference; fileEncoding = 4; lastKnownFileType = file.xib; path = GMJokeImageCell.xib; sourceTree = "<group>"; };
		1A03ADF81C71C3D000094C00 /* GMJokeViewController.xib */ = {isa = PBXFileReference; fileEncoding = 4; lastKnownFileType = file.xib; path = GMJokeViewController.xib; sourceTree = "<group>"; };
		1A8A333D1C520C5400BDD2E3 /* GMConfigurationManager.h */ = {isa = PBXFileReference; fileEncoding = 4; lastKnownFileType = sourcecode.c.h; path = GMConfigurationManager.h; sourceTree = "<group>"; };
		1A8A333E1C520C5400BDD2E3 /* GMConfigurationManager.m */ = {isa = PBXFileReference; fileEncoding = 4; lastKnownFileType = sourcecode.c.objc; path = GMConfigurationManager.m; sourceTree = "<group>"; };
		1AAF0E051C5222E500696C5C /* LifeAssistan-Definition.h */ = {isa = PBXFileReference; lastKnownFileType = sourcecode.c.h; path = "LifeAssistan-Definition.h"; sourceTree = "<group>"; };
		1AAF0E0C1C5224E500696C5C /* GMHomeViewController.h */ = {isa = PBXFileReference; fileEncoding = 4; lastKnownFileType = sourcecode.c.h; path = GMHomeViewController.h; sourceTree = "<group>"; };
		1AAF0E0D1C5224E500696C5C /* GMHomeViewController.m */ = {isa = PBXFileReference; fileEncoding = 4; lastKnownFileType = sourcecode.c.objc; path = GMHomeViewController.m; sourceTree = "<group>"; };
		1AAF0E0E1C5224E500696C5C /* GMHomeViewController.xib */ = {isa = PBXFileReference; fileEncoding = 4; lastKnownFileType = file.xib; path = GMHomeViewController.xib; sourceTree = "<group>"; };
		1AAF0E191C5224FD00696C5C /* GMMallViewController.h */ = {isa = PBXFileReference; fileEncoding = 4; lastKnownFileType = sourcecode.c.h; path = GMMallViewController.h; sourceTree = "<group>"; };
		1AAF0E1A1C5224FD00696C5C /* GMMallViewController.m */ = {isa = PBXFileReference; fileEncoding = 4; lastKnownFileType = sourcecode.c.objc; path = GMMallViewController.m; sourceTree = "<group>"; };
		1AAF0E1B1C5224FD00696C5C /* GMMallViewController.xib */ = {isa = PBXFileReference; fileEncoding = 4; lastKnownFileType = file.xib; path = GMMallViewController.xib; sourceTree = "<group>"; };
		1AAF0E1E1C52251300696C5C /* GMMeViewController.h */ = {isa = PBXFileReference; fileEncoding = 4; lastKnownFileType = sourcecode.c.h; path = GMMeViewController.h; sourceTree = "<group>"; };
		1AAF0E1F1C52251300696C5C /* GMMeViewController.m */ = {isa = PBXFileReference; fileEncoding = 4; lastKnownFileType = sourcecode.c.objc; path = GMMeViewController.m; sourceTree = "<group>"; };
		1AAF0E201C52251300696C5C /* GMMeViewController.xib */ = {isa = PBXFileReference; fileEncoding = 4; lastKnownFileType = file.xib; path = GMMeViewController.xib; sourceTree = "<group>"; };
		1AAF0E281C52287100696C5C /* GMViewControllerManager.h */ = {isa = PBXFileReference; fileEncoding = 4; lastKnownFileType = sourcecode.c.h; path = GMViewControllerManager.h; sourceTree = "<group>"; };
		1AAF0E291C52287100696C5C /* GMViewControllerManager.m */ = {isa = PBXFileReference; fileEncoding = 4; lastKnownFileType = sourcecode.c.objc; path = GMViewControllerManager.m; sourceTree = "<group>"; };
		1AB229F91C52304E006A37BC /* GMViewControllerShared.h */ = {isa = PBXFileReference; fileEncoding = 4; lastKnownFileType = sourcecode.c.h; path = GMViewControllerShared.h; sourceTree = "<group>"; };
		1AB229FA1C52304E006A37BC /* GMViewControllerShared.m */ = {isa = PBXFileReference; fileEncoding = 4; lastKnownFileType = sourcecode.c.objc; path = GMViewControllerShared.m; sourceTree = "<group>"; };
		1AB229FC1C55B03F006A37BC /* menu.json */ = {isa = PBXFileReference; fileEncoding = 4; lastKnownFileType = text.json; path = menu.json; sourceTree = "<group>"; };
		1AB229FE1C55C51B006A37BC /* GMLiveViewController.h */ = {isa = PBXFileReference; fileEncoding = 4; lastKnownFileType = sourcecode.c.h; path = GMLiveViewController.h; sourceTree = "<group>"; };
		1AB229FF1C55C51B006A37BC /* GMLiveViewController.m */ = {isa = PBXFileReference; fileEncoding = 4; lastKnownFileType = sourcecode.c.objc; path = GMLiveViewController.m; sourceTree = "<group>"; };
		1AB22A001C55C51B006A37BC /* GMLiveViewController.xib */ = {isa = PBXFileReference; fileEncoding = 4; lastKnownFileType = file.xib; path = GMLiveViewController.xib; sourceTree = "<group>"; };
		1AB9835C1C59A62800EE31C6 /* LifePageList.json */ = {isa = PBXFileReference; fileEncoding = 4; lastKnownFileType = text.json; path = LifePageList.json; sourceTree = "<group>"; };
		1AB9835E1C59A6CD00EE31C6 /* GMSubViewItem.h */ = {isa = PBXFileReference; fileEncoding = 4; lastKnownFileType = sourcecode.c.h; path = GMSubViewItem.h; sourceTree = "<group>"; };
		1AB9835F1C59A6CD00EE31C6 /* GMSubViewItem.m */ = {isa = PBXFileReference; fileEncoding = 4; lastKnownFileType = sourcecode.c.objc; path = GMSubViewItem.m; sourceTree = "<group>"; };
		1AB983651C59AC8400EE31C6 /* GMPhoneLocationViewController.h */ = {isa = PBXFileReference; fileEncoding = 4; lastKnownFileType = sourcecode.c.h; path = GMPhoneLocationViewController.h; sourceTree = "<group>"; };
		1AB983661C59AC8400EE31C6 /* GMPhoneLocationViewController.m */ = {isa = PBXFileReference; fileEncoding = 4; lastKnownFileType = sourcecode.c.objc; path = GMPhoneLocationViewController.m; sourceTree = "<group>"; };
		1AB983671C59AC8400EE31C6 /* GMPhoneLocationViewController.xib */ = {isa = PBXFileReference; fileEncoding = 4; lastKnownFileType = file.xib; path = GMPhoneLocationViewController.xib; sourceTree = "<group>"; };
		1AB9836A1C59B6BE00EE31C6 /* GMAccessManager.h */ = {isa = PBXFileReference; fileEncoding = 4; lastKnownFileType = sourcecode.c.h; path = GMAccessManager.h; sourceTree = "<group>"; };
		1AB9836B1C59B6BE00EE31C6 /* GMAccessManager.m */ = {isa = PBXFileReference; fileEncoding = 4; lastKnownFileType = sourcecode.c.objc; path = GMAccessManager.m; sourceTree = "<group>"; };
		1AB9836D1C5A029B00EE31C6 /* GMPhoneInfo.h */ = {isa = PBXFileReference; fileEncoding = 4; lastKnownFileType = sourcecode.c.h; path = GMPhoneInfo.h; sourceTree = "<group>"; };
		1AB9836E1C5A029B00EE31C6 /* GMPhoneInfo.m */ = {isa = PBXFileReference; fileEncoding = 4; lastKnownFileType = sourcecode.c.objc; path = GMPhoneInfo.m; sourceTree = "<group>"; };
		1AB983701C5A044E00EE31C6 /* GMDataProvider.h */ = {isa = PBXFileReference; fileEncoding = 4; lastKnownFileType = sourcecode.c.h; path = GMDataProvider.h; sourceTree = "<group>"; };
		1AB983711C5A044E00EE31C6 /* GMDataProvider.m */ = {isa = PBXFileReference; fileEncoding = 4; lastKnownFileType = sourcecode.c.objc; path = GMDataProvider.m; sourceTree = "<group>"; };
		1AB983731C5A047700EE31C6 /* GMPhoneLocationProvider.h */ = {isa = PBXFileReference; fileEncoding = 4; lastKnownFileType = sourcecode.c.h; path = GMPhoneLocationProvider.h; sourceTree = "<group>"; };
		1AB983741C5A047700EE31C6 /* GMPhoneLocationProvider.m */ = {isa = PBXFileReference; fileEncoding = 4; lastKnownFileType = sourcecode.c.objc; path = GMPhoneLocationProvider.m; sourceTree = "<group>"; };
		1AB983881C5AFCDB00EE31C6 /* GMIndicatorView.h */ = {isa = PBXFileReference; fileEncoding = 4; lastKnownFileType = sourcecode.c.h; path = GMIndicatorView.h; sourceTree = "<group>"; };
		1AB983891C5AFCDB00EE31C6 /* GMIndicatorView.m */ = {isa = PBXFileReference; fileEncoding = 4; lastKnownFileType = sourcecode.c.objc; path = GMIndicatorView.m; sourceTree = "<group>"; };
		1AD9DEAC1C5206C600444842 /* LifeAssistant.app */ = {isa = PBXFileReference; explicitFileType = wrapper.application; includeInIndex = 0; path = LifeAssistant.app; sourceTree = BUILT_PRODUCTS_DIR; };
		1AD9DEB01C5206C600444842 /* main.m */ = {isa = PBXFileReference; lastKnownFileType = sourcecode.c.objc; path = main.m; sourceTree = "<group>"; };
		1AD9DEB91C5206C600444842 /* Base */ = {isa = PBXFileReference; lastKnownFileType = file.storyboard; name = Base; path = Base.lproj/Main.storyboard; sourceTree = "<group>"; };
		1AD9DEBB1C5206C600444842 /* Assets.xcassets */ = {isa = PBXFileReference; lastKnownFileType = folder.assetcatalog; path = Assets.xcassets; sourceTree = "<group>"; };
		1AD9DEBE1C5206C600444842 /* Base */ = {isa = PBXFileReference; lastKnownFileType = file.storyboard; name = Base; path = Base.lproj/LaunchScreen.storyboard; sourceTree = "<group>"; };
		1AD9DEC01C5206C600444842 /* Info.plist */ = {isa = PBXFileReference; lastKnownFileType = text.plist.xml; path = Info.plist; sourceTree = "<group>"; };
		1AD9DEC51C5206C700444842 /* LifeAssistantTests.xctest */ = {isa = PBXFileReference; explicitFileType = wrapper.cfbundle; includeInIndex = 0; path = LifeAssistantTests.xctest; sourceTree = BUILT_PRODUCTS_DIR; };
		1AD9DEC91C5206C700444842 /* LifeAssistantTests.m */ = {isa = PBXFileReference; lastKnownFileType = sourcecode.c.objc; path = LifeAssistantTests.m; sourceTree = "<group>"; };
		1AD9DECB1C5206C700444842 /* Info.plist */ = {isa = PBXFileReference; lastKnownFileType = text.plist.xml; path = Info.plist; sourceTree = "<group>"; };
		1AD9DED01C5206C700444842 /* LifeAssistantUITests.xctest */ = {isa = PBXFileReference; explicitFileType = wrapper.cfbundle; includeInIndex = 0; path = LifeAssistantUITests.xctest; sourceTree = BUILT_PRODUCTS_DIR; };
		1AD9DED41C5206C700444842 /* LifeAssistantUITests.m */ = {isa = PBXFileReference; lastKnownFileType = sourcecode.c.objc; path = LifeAssistantUITests.m; sourceTree = "<group>"; };
		1AD9DED61C5206C700444842 /* Info.plist */ = {isa = PBXFileReference; lastKnownFileType = text.plist.xml; path = Info.plist; sourceTree = "<group>"; };
		1AD9DEE31C5207CF00444842 /* AppDelegate.h */ = {isa = PBXFileReference; fileEncoding = 4; lastKnownFileType = sourcecode.c.h; path = AppDelegate.h; sourceTree = "<group>"; };
		1AD9DEE41C5207CF00444842 /* AppDelegate.m */ = {isa = PBXFileReference; fileEncoding = 4; lastKnownFileType = sourcecode.c.objc; path = AppDelegate.m; sourceTree = "<group>"; };
		1AD9DEED1C52084400444842 /* GMViewShared.h */ = {isa = PBXFileReference; fileEncoding = 4; lastKnownFileType = sourcecode.c.h; path = GMViewShared.h; sourceTree = "<group>"; };
		1AD9DEEE1C52084400444842 /* GMViewShared.m */ = {isa = PBXFileReference; fileEncoding = 4; lastKnownFileType = sourcecode.c.objc; path = GMViewShared.m; sourceTree = "<group>"; };
		1AD9DEF01C52092300444842 /* GMTabBarViewController.h */ = {isa = PBXFileReference; fileEncoding = 4; lastKnownFileType = sourcecode.c.h; path = GMTabBarViewController.h; sourceTree = "<group>"; };
		1AD9DEF11C52092300444842 /* GMTabBarViewController.m */ = {isa = PBXFileReference; fileEncoding = 4; lastKnownFileType = sourcecode.c.objc; path = GMTabBarViewController.m; sourceTree = "<group>"; };
		1AD9DEF31C52094A00444842 /* GMNavigationController.h */ = {isa = PBXFileReference; fileEncoding = 4; lastKnownFileType = sourcecode.c.h; path = GMNavigationController.h; sourceTree = "<group>"; };
		1AD9DEF41C52094A00444842 /* GMNavigationController.m */ = {isa = PBXFileReference; fileEncoding = 4; lastKnownFileType = sourcecode.c.objc; path = GMNavigationController.m; sourceTree = "<group>"; };
		1AE19E4F1C700E6B0033F087 /* GMHistoryEventController.h */ = {isa = PBXFileReference; fileEncoding = 4; lastKnownFileType = sourcecode.c.h; path = GMHistoryEventController.h; sourceTree = "<group>"; };
		1AE19E501C700E6B0033F087 /* GMHistoryEventController.m */ = {isa = PBXFileReference; fileEncoding = 4; lastKnownFileType = sourcecode.c.objc; path = GMHistoryEventController.m; sourceTree = "<group>"; };
		1AE19E511C700E6B0033F087 /* GMHistoryEventController.xib */ = {isa = PBXFileReference; fileEncoding = 4; lastKnownFileType = file.xib; path = GMHistoryEventController.xib; sourceTree = "<group>"; };
		1AE19E541C700F760033F087 /* GMHistoryEventProvider.h */ = {isa = PBXFileReference; fileEncoding = 4; lastKnownFileType = sourcecode.c.h; path = GMHistoryEventProvider.h; sourceTree = "<group>"; };
		1AE19E551C700F760033F087 /* GMHistoryEventProvider.m */ = {isa = PBXFileReference; fileEncoding = 4; lastKnownFileType = sourcecode.c.objc; path = GMHistoryEventProvider.m; sourceTree = "<group>"; };
		1AE19E571C7012270033F087 /* GMHistoryEvent.h */ = {isa = PBXFileReference; fileEncoding = 4; lastKnownFileType = sourcecode.c.h; path = GMHistoryEvent.h; sourceTree = "<group>"; };
		1AE19E581C7012270033F087 /* GMHistoryEvent.m */ = {isa = PBXFileReference; fileEncoding = 4; lastKnownFileType = sourcecode.c.objc; path = GMHistoryEvent.m; sourceTree = "<group>"; };
		1AE19E5E1C701A520033F087 /* NSDate+Helper.h */ = {isa = PBXFileReference; fileEncoding = 4; lastKnownFileType = sourcecode.c.h; path = "NSDate+Helper.h"; sourceTree = "<group>"; };
		1AE19E5F1C701A520033F087 /* NSDate+Helper.m */ = {isa = PBXFileReference; fileEncoding = 4; lastKnownFileType = sourcecode.c.objc; path = "NSDate+Helper.m"; sourceTree = "<group>"; };
		1AE19E611C7020E30033F087 /* GMHistoryEventDetailController.h */ = {isa = PBXFileReference; fileEncoding = 4; lastKnownFileType = sourcecode.c.h; path = GMHistoryEventDetailController.h; sourceTree = "<group>"; };
		1AE19E621C7020E30033F087 /* GMHistoryEventDetailController.m */ = {isa = PBXFileReference; fileEncoding = 4; lastKnownFileType = sourcecode.c.objc; path = GMHistoryEventDetailController.m; sourceTree = "<group>"; };
		1AE19E631C7020E30033F087 /* GMHistoryEventDetailController.xib */ = {isa = PBXFileReference; fileEncoding = 4; lastKnownFileType = file.xib; path = GMHistoryEventDetailController.xib; sourceTree = "<group>"; };
		1AE19E661C702ADA0033F087 /* GMHistoryEventDetail.h */ = {isa = PBXFileReference; fileEncoding = 4; lastKnownFileType = sourcecode.c.h; path = GMHistoryEventDetail.h; sourceTree = "<group>"; };
		1AE19E671C702ADA0033F087 /* GMHistoryEventDetail.m */ = {isa = PBXFileReference; fileEncoding = 4; lastKnownFileType = sourcecode.c.objc; path = GMHistoryEventDetail.m; sourceTree = "<group>"; };
		1AE19E691C7043BB0033F087 /* GMHistoryViewCell.h */ = {isa = PBXFileReference; fileEncoding = 4; lastKnownFileType = sourcecode.c.h; path = GMHistoryViewCell.h; sourceTree = "<group>"; };
		1AE19E6A1C7043BB0033F087 /* GMHistoryViewCell.m */ = {isa = PBXFileReference; fileEncoding = 4; lastKnownFileType = sourcecode.c.objc; path = GMHistoryViewCell.m; sourceTree = "<group>"; };
		1AE19E6B1C7043BB0033F087 /* GMHistoryViewCell.xib */ = {isa = PBXFileReference; fileEncoding = 4; lastKnownFileType = file.xib; path = GMHistoryViewCell.xib; sourceTree = "<group>"; };
		1AE19E6F1C7057A90033F087 /* GMJokeViewController.h */ = {isa = PBXFileReference; fileEncoding = 4; lastKnownFileType = sourcecode.c.h; path = GMJokeViewController.h; sourceTree = "<group>"; };
		1AE19E701C7057A90033F087 /* GMJokeViewController.m */ = {isa = PBXFileReference; fileEncoding = 4; lastKnownFileType = sourcecode.c.objc; path = GMJokeViewController.m; sourceTree = "<group>"; };
		1AE19E741C7078C70033F087 /* GMLatestJokeCell.h */ = {isa = PBXFileReference; fileEncoding = 4; lastKnownFileType = sourcecode.c.h; path = GMLatestJokeCell.h; sourceTree = "<group>"; };
		1AE19E751C7078C70033F087 /* GMLatestJokeCell.m */ = {isa = PBXFileReference; fileEncoding = 4; lastKnownFileType = sourcecode.c.objc; path = GMLatestJokeCell.m; sourceTree = "<group>"; };
		1AE19E761C7078C70033F087 /* GMLatestJokeCell.xib */ = {isa = PBXFileReference; fileEncoding = 4; lastKnownFileType = file.xib; path = GMLatestJokeCell.xib; sourceTree = "<group>"; };
		1AE19E791C7175A90033F087 /* GMJoke.h */ = {isa = PBXFileReference; fileEncoding = 4; lastKnownFileType = sourcecode.c.h; path = GMJoke.h; sourceTree = "<group>"; };
		1AE19E7A1C7175A90033F087 /* GMJoke.m */ = {isa = PBXFileReference; fileEncoding = 4; lastKnownFileType = sourcecode.c.objc; path = GMJoke.m; sourceTree = "<group>"; };
		1AE19E7C1C7176CE0033F087 /* GMJokeProvider.h */ = {isa = PBXFileReference; fileEncoding = 4; lastKnownFileType = sourcecode.c.h; path = GMJokeProvider.h; sourceTree = "<group>"; };
		1AE19E7D1C7176CE0033F087 /* GMJokeProvider.m */ = {isa = PBXFileReference; fileEncoding = 4; lastKnownFileType = sourcecode.c.objc; path = GMJokeProvider.m; sourceTree = "<group>"; };
		1AE6EE391C52162C008CA2B9 /* GMMenuItem.h */ = {isa = PBXFileReference; fileEncoding = 4; lastKnownFileType = sourcecode.c.h; path = GMMenuItem.h; sourceTree = "<group>"; };
		1AE6EE3A1C52162C008CA2B9 /* GMMenuItem.m */ = {isa = PBXFileReference; fileEncoding = 4; lastKnownFileType = sourcecode.c.objc; path = GMMenuItem.m; sourceTree = "<group>"; };
		51215ED8BB6AF7D39F1B710B /* libPods.a */ = {isa = PBXFileReference; explicitFileType = archive.ar; includeInIndex = 0; path = libPods.a; sourceTree = BUILT_PRODUCTS_DIR; };
		528171F24C269064CEAB277F /* Pods.release.xcconfig */ = {isa = PBXFileReference; includeInIndex = 1; lastKnownFileType = text.xcconfig; name = Pods.release.xcconfig; path = "Pods/Target Support Files/Pods/Pods.release.xcconfig"; sourceTree = "<group>"; };
		FCEC286D8021ABEF3282FD3C /* Pods.debug.xcconfig */ = {isa = PBXFileReference; includeInIndex = 1; lastKnownFileType = text.xcconfig; name = Pods.debug.xcconfig; path = "Pods/Target Support Files/Pods/Pods.debug.xcconfig"; sourceTree = "<group>"; };
/* End PBXFileReference section */

/* Begin PBXFrameworksBuildPhase section */
		1AD9DEA91C5206C600444842 /* Frameworks */ = {
			isa = PBXFrameworksBuildPhase;
			buildActionMask = 2147483647;
			files = (
				EA28A07166B9E87DD6F5DEC0 /* libPods.a in Frameworks */,
			);
			runOnlyForDeploymentPostprocessing = 0;
		};
		1AD9DEC21C5206C700444842 /* Frameworks */ = {
			isa = PBXFrameworksBuildPhase;
			buildActionMask = 2147483647;
			files = (
			);
			runOnlyForDeploymentPostprocessing = 0;
		};
		1AD9DECD1C5206C700444842 /* Frameworks */ = {
			isa = PBXFrameworksBuildPhase;
			buildActionMask = 2147483647;
			files = (
			);
			runOnlyForDeploymentPostprocessing = 0;
		};
/* End PBXFrameworksBuildPhase section */

/* Begin PBXGroup section */
		1A8A333C1C520C1400BDD2E3 /* Managers */ = {
			isa = PBXGroup;
			children = (
				1A8A333D1C520C5400BDD2E3 /* GMConfigurationManager.h */,
				1A8A333E1C520C5400BDD2E3 /* GMConfigurationManager.m */,
				1AAF0E281C52287100696C5C /* GMViewControllerManager.h */,
				1AAF0E291C52287100696C5C /* GMViewControllerManager.m */,
				1AB9836A1C59B6BE00EE31C6 /* GMAccessManager.h */,
				1AB9836B1C59B6BE00EE31C6 /* GMAccessManager.m */,
			);
			name = Managers;
			path = LifeAssistant/Managers;
			sourceTree = SOURCE_ROOT;
		};
		1AAF0E0B1C5224E500696C5C /* Home */ = {
			isa = PBXGroup;
			children = (
				1AAF0E0C1C5224E500696C5C /* GMHomeViewController.h */,
				1AAF0E0D1C5224E500696C5C /* GMHomeViewController.m */,
				1AAF0E0E1C5224E500696C5C /* GMHomeViewController.xib */,
			);
			path = Home;
			sourceTree = "<group>";
		};
		1AAF0E131C5224E500696C5C /* Mall */ = {
			isa = PBXGroup;
			children = (
				1AAF0E191C5224FD00696C5C /* GMMallViewController.h */,
				1AAF0E1A1C5224FD00696C5C /* GMMallViewController.m */,
				1AAF0E1B1C5224FD00696C5C /* GMMallViewController.xib */,
			);
			path = Mall;
			sourceTree = "<group>";
		};
		1AAF0E141C5224E500696C5C /* Me */ = {
			isa = PBXGroup;
			children = (
				1AAF0E1E1C52251300696C5C /* GMMeViewController.h */,
				1AAF0E1F1C52251300696C5C /* GMMeViewController.m */,
				1AAF0E201C52251300696C5C /* GMMeViewController.xib */,
			);
			path = Me;
			sourceTree = "<group>";
		};
		1AB229F51C522C88006A37BC /* Live */ = {
			isa = PBXGroup;
			children = (
				1AB229FE1C55C51B006A37BC /* GMLiveViewController.h */,
				1AB229FF1C55C51B006A37BC /* GMLiveViewController.m */,
				1AB22A001C55C51B006A37BC /* GMLiveViewController.xib */,
			);
			path = Live;
			sourceTree = "<group>";
		};
		1AB983611C59AAE800EE31C6 /* PhoneLocation */ = {
			isa = PBXGroup;
			children = (
				1AB983651C59AC8400EE31C6 /* GMPhoneLocationViewController.h */,
				1AB983661C59AC8400EE31C6 /* GMPhoneLocationViewController.m */,
				1AB983671C59AC8400EE31C6 /* GMPhoneLocationViewController.xib */,
				1AB983731C5A047700EE31C6 /* GMPhoneLocationProvider.h */,
				1AB983741C5A047700EE31C6 /* GMPhoneLocationProvider.m */,
			);
			path = PhoneLocation;
			sourceTree = "<group>";
		};
		1AB983761C5AF86100EE31C6 /* Library */ = {
			isa = PBXGroup;
			children = (
			);
			path = Library;
			sourceTree = "<group>";
		};
		1AB983871C5AFCAF00EE31C6 /* External */ = {
			isa = PBXGroup;
			children = (
				1AB983881C5AFCDB00EE31C6 /* GMIndicatorView.h */,
				1AB983891C5AFCDB00EE31C6 /* GMIndicatorView.m */,
			);
			path = External;
			sourceTree = "<group>";
		};
		1AD9DEA31C5206C600444842 = {
			isa = PBXGroup;
			children = (
				1AD9DEAE1C5206C600444842 /* LifeAssistant */,
				1AD9DEC81C5206C700444842 /* LifeAssistantTests */,
				1AD9DED31C5206C700444842 /* LifeAssistantUITests */,
				1AD9DEAD1C5206C600444842 /* Products */,
				772BF154F7751557DC048341 /* Pods */,
				58BC6587C64960BABC82213A /* Frameworks */,
			);
			sourceTree = "<group>";
		};
		1AD9DEAD1C5206C600444842 /* Products */ = {
			isa = PBXGroup;
			children = (
				1AD9DEAC1C5206C600444842 /* LifeAssistant.app */,
				1AD9DEC51C5206C700444842 /* LifeAssistantTests.xctest */,
				1AD9DED01C5206C700444842 /* LifeAssistantUITests.xctest */,
			);
			name = Products;
			sourceTree = "<group>";
		};
		1AD9DEAE1C5206C600444842 /* LifeAssistant */ = {
			isa = PBXGroup;
			children = (
				1AE19E5A1C70199E0033F087 /* Category */,
				1AB983871C5AFCAF00EE31C6 /* External */,
				1AB983761C5AF86100EE31C6 /* Library */,
				1AD9DEE21C5207CF00444842 /* Application */,
				1AD9DEE51C5207CF00444842 /* Models */,
				1AD9DEE61C5207CF00444842 /* Pad */,
				1AD9DEE71C5207CF00444842 /* Phone */,
				1AD9DEE81C5207CF00444842 /* Shared */,
				1A8A333C1C520C1400BDD2E3 /* Managers */,
				1AD9DEB81C5206C600444842 /* Main.storyboard */,
				1AD9DEBB1C5206C600444842 /* Assets.xcassets */,
				1AD9DEBD1C5206C600444842 /* LaunchScreen.storyboard */,
				1AD9DEC01C5206C600444842 /* Info.plist */,
				1AAF0E051C5222E500696C5C /* LifeAssistan-Definition.h */,
				1AB229FC1C55B03F006A37BC /* menu.json */,
				1AB9835C1C59A62800EE31C6 /* LifePageList.json */,
				1AD9DEAF1C5206C600444842 /* Supporting Files */,
			);
			path = LifeAssistant;
			sourceTree = "<group>";
		};
		1AD9DEAF1C5206C600444842 /* Supporting Files */ = {
			isa = PBXGroup;
			children = (
				1AD9DEB01C5206C600444842 /* main.m */,
			);
			name = "Supporting Files";
			sourceTree = "<group>";
		};
		1AD9DEC81C5206C700444842 /* LifeAssistantTests */ = {
			isa = PBXGroup;
			children = (
				1AD9DEC91C5206C700444842 /* LifeAssistantTests.m */,
				1AD9DECB1C5206C700444842 /* Info.plist */,
			);
			path = LifeAssistantTests;
			sourceTree = "<group>";
		};
		1AD9DED31C5206C700444842 /* LifeAssistantUITests */ = {
			isa = PBXGroup;
			children = (
				1AD9DED41C5206C700444842 /* LifeAssistantUITests.m */,
				1AD9DED61C5206C700444842 /* Info.plist */,
			);
			path = LifeAssistantUITests;
			sourceTree = "<group>";
		};
		1AD9DEE21C5207CF00444842 /* Application */ = {
			isa = PBXGroup;
			children = (
				1AD9DEE31C5207CF00444842 /* AppDelegate.h */,
				1AD9DEE41C5207CF00444842 /* AppDelegate.m */,
			);
			path = Application;
			sourceTree = "<group>";
		};
		1AD9DEE51C5207CF00444842 /* Models */ = {
			isa = PBXGroup;
			children = (
				1AE6EE391C52162C008CA2B9 /* GMMenuItem.h */,
				1AE6EE3A1C52162C008CA2B9 /* GMMenuItem.m */,
				1AB9835E1C59A6CD00EE31C6 /* GMSubViewItem.h */,
				1AB9835F1C59A6CD00EE31C6 /* GMSubViewItem.m */,
				1AB9836D1C5A029B00EE31C6 /* GMPhoneInfo.h */,
				1AB9836E1C5A029B00EE31C6 /* GMPhoneInfo.m */,
				1AE19E571C7012270033F087 /* GMHistoryEvent.h */,
				1AE19E581C7012270033F087 /* GMHistoryEvent.m */,
				1AE19E661C702ADA0033F087 /* GMHistoryEventDetail.h */,
				1AE19E671C702ADA0033F087 /* GMHistoryEventDetail.m */,
				1AE19E791C7175A90033F087 /* GMJoke.h */,
				1AE19E7A1C7175A90033F087 /* GMJoke.m */,
			);
			path = Models;
			sourceTree = "<group>";
		};
		1AD9DEE61C5207CF00444842 /* Pad */ = {
			isa = PBXGroup;
			children = (
			);
			path = Pad;
			sourceTree = "<group>";
		};
		1AD9DEE71C5207CF00444842 /* Phone */ = {
			isa = PBXGroup;
			children = (
				1AE19E6E1C70572C0033F087 /* AllJokes */,
				1AE19E4E1C700E3A0033F087 /* HistoryEvent */,
				1AB983611C59AAE800EE31C6 /* PhoneLocation */,
				1AAF0E0B1C5224E500696C5C /* Home */,
				1AB229F51C522C88006A37BC /* Live */,
				1AAF0E131C5224E500696C5C /* Mall */,
				1AAF0E141C5224E500696C5C /* Me */,
			);
			path = Phone;
			sourceTree = "<group>";
		};
		1AD9DEE81C5207CF00444842 /* Shared */ = {
			isa = PBXGroup;
			children = (
				1AD9DEF01C52092300444842 /* GMTabBarViewController.h */,
				1AD9DEF11C52092300444842 /* GMTabBarViewController.m */,
				1AD9DEF31C52094A00444842 /* GMNavigationController.h */,
				1AD9DEF41C52094A00444842 /* GMNavigationController.m */,
				1AD9DEED1C52084400444842 /* GMViewShared.h */,
				1AD9DEEE1C52084400444842 /* GMViewShared.m */,
				1AB229F91C52304E006A37BC /* GMViewControllerShared.h */,
				1AB229FA1C52304E006A37BC /* GMViewControllerShared.m */,
				1AB983701C5A044E00EE31C6 /* GMDataProvider.h */,
				1AB983711C5A044E00EE31C6 /* GMDataProvider.m */,
			);
			path = Shared;
			sourceTree = "<group>";
		};
		1AE19E4E1C700E3A0033F087 /* HistoryEvent */ = {
			isa = PBXGroup;
			children = (
				1AE19E4F1C700E6B0033F087 /* GMHistoryEventController.h */,
				1AE19E501C700E6B0033F087 /* GMHistoryEventController.m */,
				1AE19E511C700E6B0033F087 /* GMHistoryEventController.xib */,
				1AE19E611C7020E30033F087 /* GMHistoryEventDetailController.h */,
				1AE19E621C7020E30033F087 /* GMHistoryEventDetailController.m */,
				1AE19E631C7020E30033F087 /* GMHistoryEventDetailController.xib */,
				1AE19E691C7043BB0033F087 /* GMHistoryViewCell.h */,
				1AE19E6A1C7043BB0033F087 /* GMHistoryViewCell.m */,
				1AE19E6B1C7043BB0033F087 /* GMHistoryViewCell.xib */,
				1AE19E541C700F760033F087 /* GMHistoryEventProvider.h */,
				1AE19E551C700F760033F087 /* GMHistoryEventProvider.m */,
			);
			path = HistoryEvent;
			sourceTree = "<group>";
		};
		1AE19E5A1C70199E0033F087 /* Category */ = {
			isa = PBXGroup;
			children = (
				1AE19E5E1C701A520033F087 /* NSDate+Helper.h */,
				1AE19E5F1C701A520033F087 /* NSDate+Helper.m */,
				1A03ADF31C71B4D800094C00 /* UIView+Frame.h */,
				1A03ADF41C71B4D800094C00 /* UIView+Frame.m */,
			);
			path = Category;
			sourceTree = "<group>";
		};
		1AE19E6E1C70572C0033F087 /* AllJokes */ = {
			isa = PBXGroup;
			children = (
				1AE19E6F1C7057A90033F087 /* GMJokeViewController.h */,
				1AE19E701C7057A90033F087 /* GMJokeViewController.m */,
				1A03ADF81C71C3D000094C00 /* GMJokeViewController.xib */,
				1AE19E741C7078C70033F087 /* GMLatestJokeCell.h */,
				1AE19E751C7078C70033F087 /* GMLatestJokeCell.m */,
				1AE19E761C7078C70033F087 /* GMLatestJokeCell.xib */,
				1A03ADEB1C719ECA00094C00 /* GMJokeImageCell.h */,
				1A03ADEC1C719ECA00094C00 /* GMJokeImageCell.m */,
				1A03ADF61C71BCFB00094C00 /* GMJokeImageCell.xib */,
				1AE19E7C1C7176CE0033F087 /* GMJokeProvider.h */,
				1AE19E7D1C7176CE0033F087 /* GMJokeProvider.m */,
				1A03ADF01C71A4B300094C00 /* GMJokeImageProvider.h */,
				1A03ADF11C71A4B300094C00 /* GMJokeImageProvider.m */,
			);
			path = AllJokes;
			sourceTree = "<group>";
		};
		58BC6587C64960BABC82213A /* Frameworks */ = {
			isa = PBXGroup;
			children = (
				51215ED8BB6AF7D39F1B710B /* libPods.a */,
			);
			name = Frameworks;
			sourceTree = "<group>";
		};
		772BF154F7751557DC048341 /* Pods */ = {
			isa = PBXGroup;
			children = (
				FCEC286D8021ABEF3282FD3C /* Pods.debug.xcconfig */,
				528171F24C269064CEAB277F /* Pods.release.xcconfig */,
			);
			name = Pods;
			sourceTree = "<group>";
		};
/* End PBXGroup section */

/* Begin PBXNativeTarget section */
		1AD9DEAB1C5206C600444842 /* LifeAssistant */ = {
			isa = PBXNativeTarget;
			buildConfigurationList = 1AD9DED91C5206C700444842 /* Build configuration list for PBXNativeTarget "LifeAssistant" */;
			buildPhases = (
				7CC62C52F9EB4A2A665CCFB4 /* Check Pods Manifest.lock */,
				1AD9DEA81C5206C600444842 /* Sources */,
				1AD9DEA91C5206C600444842 /* Frameworks */,
				1AD9DEAA1C5206C600444842 /* Resources */,
				10C4BC78A6265A1AE5481B7D /* Copy Pods Resources */,
			);
			buildRules = (
			);
			dependencies = (
			);
			name = LifeAssistant;
			productName = LifeAssistant;
			productReference = 1AD9DEAC1C5206C600444842 /* LifeAssistant.app */;
			productType = "com.apple.product-type.application";
		};
		1AD9DEC41C5206C700444842 /* LifeAssistantTests */ = {
			isa = PBXNativeTarget;
			buildConfigurationList = 1AD9DEDC1C5206C700444842 /* Build configuration list for PBXNativeTarget "LifeAssistantTests" */;
			buildPhases = (
				1AD9DEC11C5206C700444842 /* Sources */,
				1AD9DEC21C5206C700444842 /* Frameworks */,
				1AD9DEC31C5206C700444842 /* Resources */,
			);
			buildRules = (
			);
			dependencies = (
				1AD9DEC71C5206C700444842 /* PBXTargetDependency */,
			);
			name = LifeAssistantTests;
			productName = LifeAssistantTests;
			productReference = 1AD9DEC51C5206C700444842 /* LifeAssistantTests.xctest */;
			productType = "com.apple.product-type.bundle.unit-test";
		};
		1AD9DECF1C5206C700444842 /* LifeAssistantUITests */ = {
			isa = PBXNativeTarget;
			buildConfigurationList = 1AD9DEDF1C5206C700444842 /* Build configuration list for PBXNativeTarget "LifeAssistantUITests" */;
			buildPhases = (
				1AD9DECC1C5206C700444842 /* Sources */,
				1AD9DECD1C5206C700444842 /* Frameworks */,
				1AD9DECE1C5206C700444842 /* Resources */,
			);
			buildRules = (
			);
			dependencies = (
				1AD9DED21C5206C700444842 /* PBXTargetDependency */,
			);
			name = LifeAssistantUITests;
			productName = LifeAssistantUITests;
			productReference = 1AD9DED01C5206C700444842 /* LifeAssistantUITests.xctest */;
			productType = "com.apple.product-type.bundle.ui-testing";
		};
/* End PBXNativeTarget section */

/* Begin PBXProject section */
		1AD9DEA41C5206C600444842 /* Project object */ = {
			isa = PBXProject;
			attributes = {
				LastUpgradeCheck = 0720;
				ORGANIZATIONNAME = GuoYongming;
				TargetAttributes = {
					1AD9DEAB1C5206C600444842 = {
						CreatedOnToolsVersion = 7.2;
						DevelopmentTeam = 5KSBUZ97FE;
					};
					1AD9DEC41C5206C700444842 = {
						CreatedOnToolsVersion = 7.2;
						DevelopmentTeam = 5KSBUZ97FE;
						TestTargetID = 1AD9DEAB1C5206C600444842;
					};
					1AD9DECF1C5206C700444842 = {
						CreatedOnToolsVersion = 7.2;
						DevelopmentTeam = 5KSBUZ97FE;
						TestTargetID = 1AD9DEAB1C5206C600444842;
					};
				};
			};
			buildConfigurationList = 1AD9DEA71C5206C600444842 /* Build configuration list for PBXProject "LifeAssistant" */;
			compatibilityVersion = "Xcode 3.2";
			developmentRegion = English;
			hasScannedForEncodings = 0;
			knownRegions = (
				en,
				Base,
			);
			mainGroup = 1AD9DEA31C5206C600444842;
			productRefGroup = 1AD9DEAD1C5206C600444842 /* Products */;
			projectDirPath = "";
			projectRoot = "";
			targets = (
				1AD9DEAB1C5206C600444842 /* LifeAssistant */,
				1AD9DEC41C5206C700444842 /* LifeAssistantTests */,
				1AD9DECF1C5206C700444842 /* LifeAssistantUITests */,
			);
		};
/* End PBXProject section */

/* Begin PBXResourcesBuildPhase section */
		1AD9DEAA1C5206C600444842 /* Resources */ = {
			isa = PBXResourcesBuildPhase;
			buildActionMask = 2147483647;
			files = (
				1AE19E531C700E6B0033F087 /* GMHistoryEventController.xib in Resources */,
				1AB983691C59AC8400EE31C6 /* GMPhoneLocationViewController.xib in Resources */,
				1AD9DEBF1C5206C600444842 /* LaunchScreen.storyboard in Resources */,
				1AAF0E1D1C5224FD00696C5C /* GMMallViewController.xib in Resources */,
				1AAF0E221C52251300696C5C /* GMMeViewController.xib in Resources */,
				1A03ADF91C71C3D000094C00 /* GMJokeViewController.xib in Resources */,
				1AAF0E161C5224E500696C5C /* GMHomeViewController.xib in Resources */,
				1A03ADF71C71BCFB00094C00 /* GMJokeImageCell.xib in Resources */,
				1AE19E651C7020E30033F087 /* GMHistoryEventDetailController.xib in Resources */,
				1AB22A021C55C51B006A37BC /* GMLiveViewController.xib in Resources */,
				1AE19E6D1C7043BB0033F087 /* GMHistoryViewCell.xib in Resources */,
				1AD9DEBC1C5206C600444842 /* Assets.xcassets in Resources */,
				1AB229FD1C55B03F006A37BC /* menu.json in Resources */,
				1AE19E781C7078C70033F087 /* GMLatestJokeCell.xib in Resources */,
				1AB9835D1C59A62800EE31C6 /* LifePageList.json in Resources */,
				1AD9DEBA1C5206C600444842 /* Main.storyboard in Resources */,
			);
			runOnlyForDeploymentPostprocessing = 0;
		};
		1AD9DEC31C5206C700444842 /* Resources */ = {
			isa = PBXResourcesBuildPhase;
			buildActionMask = 2147483647;
			files = (
			);
			runOnlyForDeploymentPostprocessing = 0;
		};
		1AD9DECE1C5206C700444842 /* Resources */ = {
			isa = PBXResourcesBuildPhase;
			buildActionMask = 2147483647;
			files = (
			);
			runOnlyForDeploymentPostprocessing = 0;
		};
/* End PBXResourcesBuildPhase section */

/* Begin PBXShellScriptBuildPhase section */
		10C4BC78A6265A1AE5481B7D /* Copy Pods Resources */ = {
			isa = PBXShellScriptBuildPhase;
			buildActionMask = 2147483647;
			files = (
			);
			inputPaths = (
			);
			name = "Copy Pods Resources";
			outputPaths = (
			);
			runOnlyForDeploymentPostprocessing = 0;
			shellPath = /bin/sh;
			shellScript = "\"${SRCROOT}/Pods/Target Support Files/Pods/Pods-resources.sh\"\n";
			showEnvVarsInLog = 0;
		};
		7CC62C52F9EB4A2A665CCFB4 /* Check Pods Manifest.lock */ = {
			isa = PBXShellScriptBuildPhase;
			buildActionMask = 2147483647;
			files = (
			);
			inputPaths = (
			);
			name = "Check Pods Manifest.lock";
			outputPaths = (
			);
			runOnlyForDeploymentPostprocessing = 0;
			shellPath = /bin/sh;
			shellScript = "diff \"${PODS_ROOT}/../Podfile.lock\" \"${PODS_ROOT}/Manifest.lock\" > /dev/null\nif [[ $? != 0 ]] ; then\n    cat << EOM\nerror: The sandbox is not in sync with the Podfile.lock. Run 'pod install' or update your CocoaPods installation.\nEOM\n    exit 1\nfi\n";
			showEnvVarsInLog = 0;
		};
/* End PBXShellScriptBuildPhase section */

/* Begin PBXSourcesBuildPhase section */
		1AD9DEA81C5206C600444842 /* Sources */ = {
			isa = PBXSourcesBuildPhase;
			buildActionMask = 2147483647;
			files = (
				1AD9DEE91C5207CF00444842 /* AppDelegate.m in Sources */,
				1AE19E721C7057A90033F087 /* GMJokeViewController.m in Sources */,
				1AE19E7E1C7176CE0033F087 /* GMJokeProvider.m in Sources */,
				1AD9DEF21C52092300444842 /* GMTabBarViewController.m in Sources */,
				1AB983751C5A047700EE31C6 /* GMPhoneLocationProvider.m in Sources */,
				1AE19E591C7012270033F087 /* GMHistoryEvent.m in Sources */,
				1AAF0E151C5224E500696C5C /* GMHomeViewController.m in Sources */,
				1A03ADF21C71A4B300094C00 /* GMJokeImageProvider.m in Sources */,
				1AB229FB1C52304E006A37BC /* GMViewControllerShared.m in Sources */,
				1AB983721C5A044E00EE31C6 /* GMDataProvider.m in Sources */,
				1AD9DEB11C5206C600444842 /* main.m in Sources */,
				1AE19E681C702ADA0033F087 /* GMHistoryEventDetail.m in Sources */,
				1AE19E771C7078C70033F087 /* GMLatestJokeCell.m in Sources */,
				1A03ADEE1C719ECA00094C00 /* GMJokeImageCell.m in Sources */,
				1A03ADF51C71B4D800094C00 /* UIView+Frame.m in Sources */,
				1AAF0E1C1C5224FD00696C5C /* GMMallViewController.m in Sources */,
				1AB9836F1C5A029B00EE31C6 /* GMPhoneInfo.m in Sources */,
				1AD9DEEF1C52084400444842 /* GMViewShared.m in Sources */,
				1AAF0E211C52251300696C5C /* GMMeViewController.m in Sources */,
				1AE19E601C701A520033F087 /* NSDate+Helper.m in Sources */,
				1A8A333F1C520C5400BDD2E3 /* GMConfigurationManager.m in Sources */,
				1AE19E521C700E6B0033F087 /* GMHistoryEventController.m in Sources */,
				1AD9DEF51C52094A00444842 /* GMNavigationController.m in Sources */,
				1AE19E561C700F760033F087 /* GMHistoryEventProvider.m in Sources */,
				1AB983681C59AC8400EE31C6 /* GMPhoneLocationViewController.m in Sources */,
				1AB983601C59A6CD00EE31C6 /* GMSubViewItem.m in Sources */,
				1AE19E641C7020E30033F087 /* GMHistoryEventDetailController.m in Sources */,
				1AB22A011C55C51B006A37BC /* GMLiveViewController.m in Sources */,
				1AB9838A1C5AFCDB00EE31C6 /* GMIndicatorView.m in Sources */,
				1AB9836C1C59B6BE00EE31C6 /* GMAccessManager.m in Sources */,
				1AE19E7B1C7175A90033F087 /* GMJoke.m in Sources */,
				1AAF0E2A1C52287100696C5C /* GMViewControllerManager.m in Sources */,
				1AE6EE3B1C52162C008CA2B9 /* GMMenuItem.m in Sources */,
				1AE19E6C1C7043BB0033F087 /* GMHistoryViewCell.m in Sources */,
			);
			runOnlyForDeploymentPostprocessing = 0;
		};
		1AD9DEC11C5206C700444842 /* Sources */ = {
			isa = PBXSourcesBuildPhase;
			buildActionMask = 2147483647;
			files = (
				1AD9DECA1C5206C700444842 /* LifeAssistantTests.m in Sources */,
			);
			runOnlyForDeploymentPostprocessing = 0;
		};
		1AD9DECC1C5206C700444842 /* Sources */ = {
			isa = PBXSourcesBuildPhase;
			buildActionMask = 2147483647;
			files = (
				1AD9DED51C5206C700444842 /* LifeAssistantUITests.m in Sources */,
			);
			runOnlyForDeploymentPostprocessing = 0;
		};
/* End PBXSourcesBuildPhase section */

/* Begin PBXTargetDependency section */
		1AD9DEC71C5206C700444842 /* PBXTargetDependency */ = {
			isa = PBXTargetDependency;
			target = 1AD9DEAB1C5206C600444842 /* LifeAssistant */;
			targetProxy = 1AD9DEC61C5206C700444842 /* PBXContainerItemProxy */;
		};
		1AD9DED21C5206C700444842 /* PBXTargetDependency */ = {
			isa = PBXTargetDependency;
			target = 1AD9DEAB1C5206C600444842 /* LifeAssistant */;
			targetProxy = 1AD9DED11C5206C700444842 /* PBXContainerItemProxy */;
		};
/* End PBXTargetDependency section */

/* Begin PBXVariantGroup section */
		1AD9DEB81C5206C600444842 /* Main.storyboard */ = {
			isa = PBXVariantGroup;
			children = (
				1AD9DEB91C5206C600444842 /* Base */,
			);
			name = Main.storyboard;
			sourceTree = "<group>";
		};
		1AD9DEBD1C5206C600444842 /* LaunchScreen.storyboard */ = {
			isa = PBXVariantGroup;
			children = (
				1AD9DEBE1C5206C600444842 /* Base */,
			);
			name = LaunchScreen.storyboard;
			sourceTree = "<group>";
		};
/* End PBXVariantGroup section */

/* Begin XCBuildConfiguration section */
		1AD9DED71C5206C700444842 /* Debug */ = {
			isa = XCBuildConfiguration;
			buildSettings = {
				ALWAYS_SEARCH_USER_PATHS = NO;
				CLANG_CXX_LANGUAGE_STANDARD = "gnu++0x";
				CLANG_CXX_LIBRARY = "libc++";
				CLANG_ENABLE_MODULES = YES;
				CLANG_ENABLE_OBJC_ARC = YES;
				CLANG_WARN_BOOL_CONVERSION = YES;
				CLANG_WARN_CONSTANT_CONVERSION = YES;
				CLANG_WARN_DIRECT_OBJC_ISA_USAGE = YES_ERROR;
				CLANG_WARN_EMPTY_BODY = YES;
				CLANG_WARN_ENUM_CONVERSION = YES;
				CLANG_WARN_INT_CONVERSION = YES;
				CLANG_WARN_OBJC_ROOT_CLASS = YES_ERROR;
				CLANG_WARN_UNREACHABLE_CODE = YES;
				CLANG_WARN__DUPLICATE_METHOD_MATCH = YES;
				"CODE_SIGN_IDENTITY[sdk=iphoneos*]" = "iPhone Developer";
				COPY_PHASE_STRIP = NO;
				DEBUG_INFORMATION_FORMAT = dwarf;
				ENABLE_STRICT_OBJC_MSGSEND = YES;
				ENABLE_TESTABILITY = YES;
				GCC_C_LANGUAGE_STANDARD = gnu99;
				GCC_DYNAMIC_NO_PIC = NO;
				GCC_NO_COMMON_BLOCKS = YES;
				GCC_OPTIMIZATION_LEVEL = 0;
				GCC_PREPROCESSOR_DEFINITIONS = (
					"DEBUG=1",
					"$(inherited)",
				);
				GCC_WARN_64_TO_32_BIT_CONVERSION = YES;
				GCC_WARN_ABOUT_RETURN_TYPE = YES_ERROR;
				GCC_WARN_UNDECLARED_SELECTOR = YES;
				GCC_WARN_UNINITIALIZED_AUTOS = YES_AGGRESSIVE;
				GCC_WARN_UNUSED_FUNCTION = YES;
				GCC_WARN_UNUSED_VARIABLE = YES;
				IPHONEOS_DEPLOYMENT_TARGET = 9.2;
				MTL_ENABLE_DEBUG_INFO = YES;
				ONLY_ACTIVE_ARCH = YES;
				SDKROOT = iphoneos;
				TARGETED_DEVICE_FAMILY = "1,2";
			};
			name = Debug;
		};
		1AD9DED81C5206C700444842 /* Release */ = {
			isa = XCBuildConfiguration;
			buildSettings = {
				ALWAYS_SEARCH_USER_PATHS = NO;
				CLANG_CXX_LANGUAGE_STANDARD = "gnu++0x";
				CLANG_CXX_LIBRARY = "libc++";
				CLANG_ENABLE_MODULES = YES;
				CLANG_ENABLE_OBJC_ARC = YES;
				CLANG_WARN_BOOL_CONVERSION = YES;
				CLANG_WARN_CONSTANT_CONVERSION = YES;
				CLANG_WARN_DIRECT_OBJC_ISA_USAGE = YES_ERROR;
				CLANG_WARN_EMPTY_BODY = YES;
				CLANG_WARN_ENUM_CONVERSION = YES;
				CLANG_WARN_INT_CONVERSION = YES;
				CLANG_WARN_OBJC_ROOT_CLASS = YES_ERROR;
				CLANG_WARN_UNREACHABLE_CODE = YES;
				CLANG_WARN__DUPLICATE_METHOD_MATCH = YES;
				"CODE_SIGN_IDENTITY[sdk=iphoneos*]" = "iPhone Developer";
				COPY_PHASE_STRIP = NO;
				DEBUG_INFORMATION_FORMAT = "dwarf-with-dsym";
				ENABLE_NS_ASSERTIONS = NO;
				ENABLE_STRICT_OBJC_MSGSEND = YES;
				GCC_C_LANGUAGE_STANDARD = gnu99;
				GCC_NO_COMMON_BLOCKS = YES;
				GCC_WARN_64_TO_32_BIT_CONVERSION = YES;
				GCC_WARN_ABOUT_RETURN_TYPE = YES_ERROR;
				GCC_WARN_UNDECLARED_SELECTOR = YES;
				GCC_WARN_UNINITIALIZED_AUTOS = YES_AGGRESSIVE;
				GCC_WARN_UNUSED_FUNCTION = YES;
				GCC_WARN_UNUSED_VARIABLE = YES;
				IPHONEOS_DEPLOYMENT_TARGET = 9.2;
				MTL_ENABLE_DEBUG_INFO = NO;
				SDKROOT = iphoneos;
				TARGETED_DEVICE_FAMILY = "1,2";
				VALIDATE_PRODUCT = YES;
			};
			name = Release;
		};
		1AD9DEDA1C5206C700444842 /* Debug */ = {
			isa = XCBuildConfiguration;
			baseConfigurationReference = FCEC286D8021ABEF3282FD3C /* Pods.debug.xcconfig */;
			buildSettings = {
				ASSETCATALOG_COMPILER_APPICON_NAME = AppIcon;
				GCC_PRECOMPILE_PREFIX_HEADER = NO;
				GCC_PREFIX_HEADER = "";
				INFOPLIST_FILE = LifeAssistant/Info.plist;
				IPHONEOS_DEPLOYMENT_TARGET = 8.0;
				LD_RUNPATH_SEARCH_PATHS = "$(inherited) @executable_path/Frameworks";
				PRODUCT_BUNDLE_IDENTIFIER = GM.LifeAssistant;
				PRODUCT_NAME = "$(TARGET_NAME)";
			};
			name = Debug;
		};
		1AD9DEDB1C5206C700444842 /* Release */ = {
			isa = XCBuildConfiguration;
			baseConfigurationReference = 528171F24C269064CEAB277F /* Pods.release.xcconfig */;
			buildSettings = {
				ASSETCATALOG_COMPILER_APPICON_NAME = AppIcon;
				GCC_PRECOMPILE_PREFIX_HEADER = NO;
				GCC_PREFIX_HEADER = "";
				INFOPLIST_FILE = LifeAssistant/Info.plist;
				IPHONEOS_DEPLOYMENT_TARGET = 8.0;
				LD_RUNPATH_SEARCH_PATHS = "$(inherited) @executable_path/Frameworks";
				PRODUCT_BUNDLE_IDENTIFIER = GM.LifeAssistant;
				PRODUCT_NAME = "$(TARGET_NAME)";
			};
			name = Release;
		};
		1AD9DEDD1C5206C700444842 /* Debug */ = {
			isa = XCBuildConfiguration;
			buildSettings = {
				BUNDLE_LOADER = "$(TEST_HOST)";
				INFOPLIST_FILE = LifeAssistantTests/Info.plist;
				LD_RUNPATH_SEARCH_PATHS = "$(inherited) @executable_path/Frameworks @loader_path/Frameworks";
				PRODUCT_BUNDLE_IDENTIFIER = GM.LifeAssistantTests;
				PRODUCT_NAME = "$(TARGET_NAME)";
				TEST_HOST = "$(BUILT_PRODUCTS_DIR)/LifeAssistant.app/LifeAssistant";
			};
			name = Debug;
		};
		1AD9DEDE1C5206C700444842 /* Release */ = {
			isa = XCBuildConfiguration;
			buildSettings = {
				BUNDLE_LOADER = "$(TEST_HOST)";
				INFOPLIST_FILE = LifeAssistantTests/Info.plist;
				LD_RUNPATH_SEARCH_PATHS = "$(inherited) @executable_path/Frameworks @loader_path/Frameworks";
				PRODUCT_BUNDLE_IDENTIFIER = GM.LifeAssistantTests;
				PRODUCT_NAME = "$(TARGET_NAME)";
				TEST_HOST = "$(BUILT_PRODUCTS_DIR)/LifeAssistant.app/LifeAssistant";
			};
			name = Release;
		};
		1AD9DEE01C5206C700444842 /* Debug */ = {
			isa = XCBuildConfiguration;
			buildSettings = {
				INFOPLIST_FILE = LifeAssistantUITests/Info.plist;
				LD_RUNPATH_SEARCH_PATHS = "$(inherited) @executable_path/Frameworks @loader_path/Frameworks";
				PRODUCT_BUNDLE_IDENTIFIER = GM.LifeAssistantUITests;
				PRODUCT_NAME = "$(TARGET_NAME)";
				TEST_TARGET_NAME = LifeAssistant;
				USES_XCTRUNNER = YES;
			};
			name = Debug;
		};
		1AD9DEE11C5206C700444842 /* Release */ = {
			isa = XCBuildConfiguration;
			buildSettings = {
				INFOPLIST_FILE = LifeAssistantUITests/Info.plist;
				LD_RUNPATH_SEARCH_PATHS = "$(inherited) @executable_path/Frameworks @loader_path/Frameworks";
				PRODUCT_BUNDLE_IDENTIFIER = GM.LifeAssistantUITests;
				PRODUCT_NAME = "$(TARGET_NAME)";
				TEST_TARGET_NAME = LifeAssistant;
				USES_XCTRUNNER = YES;
			};
			name = Release;
		};
/* End XCBuildConfiguration section */

/* Begin XCConfigurationList section */
		1AD9DEA71C5206C600444842 /* Build configuration list for PBXProject "LifeAssistant" */ = {
			isa = XCConfigurationList;
			buildConfigurations = (
				1AD9DED71C5206C700444842 /* Debug */,
				1AD9DED81C5206C700444842 /* Release */,
			);
			defaultConfigurationIsVisible = 0;
			defaultConfigurationName = Release;
		};
		1AD9DED91C5206C700444842 /* Build configuration list for PBXNativeTarget "LifeAssistant" */ = {
			isa = XCConfigurationList;
			buildConfigurations = (
				1AD9DEDA1C5206C700444842 /* Debug */,
				1AD9DEDB1C5206C700444842 /* Release */,
			);
			defaultConfigurationIsVisible = 0;
			defaultConfigurationName = Release;
		};
		1AD9DEDC1C5206C700444842 /* Build configuration list for PBXNativeTarget "LifeAssistantTests" */ = {
			isa = XCConfigurationList;
			buildConfigurations = (
				1AD9DEDD1C5206C700444842 /* Debug */,
				1AD9DEDE1C5206C700444842 /* Release */,
			);
			defaultConfigurationIsVisible = 0;
			defaultConfigurationName = Release;
		};
		1AD9DEDF1C5206C700444842 /* Build configuration list for PBXNativeTarget "LifeAssistantUITests" */ = {
			isa = XCConfigurationList;
			buildConfigurations = (
				1AD9DEE01C5206C700444842 /* Debug */,
				1AD9DEE11C5206C700444842 /* Release */,
			);
			defaultConfigurationIsVisible = 0;
			defaultConfigurationName = Release;
		};
/* End XCConfigurationList section */
	};
	rootObject = 1AD9DEA41C5206C600444842 /* Project object */;
}
